<Solution>
  <Project Path="SecNetApi.Tests/SecNetApi.Tests.csproj" />
  <Project Path="SecNetApi/SecNetApi.csproj" />
  <Project Path="SecNetBlazor/SecNetBlazor.csproj" />
  <Project Path="SecNetCore/SecNetCore.csproj" />
  <Project Path="SecNetData.Tests/SecNetData.Tests.csproj" />
  <Project Path="SecNetData/SecNetData.csproj" />
</Solution>
